<?xml version="1.0" encoding="UTF-8" standalone="yes" ?>
<CodeBlocks_project_file>
	<FileVersion major="1" minor="6" />
	<Project>
		<Option title="Cst" />
		<Option pch_mode="2" />
		<Option compiler="gcc" />
		<Build>
			<Script file="lib_finder.script" />
			<Target title="Debug">
				<Option output="bin/Debug/Cst" prefix_auto="1" extension_auto="1" />
				<Option object_output="obj/Debug/" />
				<Option type="1" />
				<Option compiler="gcc" />
				<Compiler>
					<Add option="-g" />
				</Compiler>
			</Target>
			<Target title="Release">
				<Option output="bin/Release/Cst" prefix_auto="1" extension_auto="1" />
				<Option object_output="obj/Release/" />
				<Option type="1" />
				<Option compiler="gcc" />
				<Compiler>
					<Add option="-O2" />
				</Compiler>
				<Linker>
					<Add option="-s" />
				</Linker>
			</Target>
		</Build>
		<Compiler>
			<Add option="-Wall" />
		</Compiler>
		<Unit filename="README.md" />
		<Unit filename="fl/pc" />
		<Unit filename="fl/pc_id" />
		<Unit filename="fl/tech" />
		<Unit filename="inc/job_funcs.h" />
		<Unit filename="inc/pc_funcs.h" />
		<Unit filename="inc/screen_funcs.h" />
		<Unit filename="inc/structure.h" />
		<Unit filename="inc/tech_funcs.h" />
		<Unit filename="main.c">
			<Option compilerVar="CC" />
		</Unit>
		<Unit filename="src/job_funcs.c">
			<Option compilerVar="CPP" />
		</Unit>
		<Unit filename="src/pc_funcs.c">
			<Option compilerVar="CC" />
		</Unit>
		<Unit filename="src/screen_funcs.c">
			<Option compilerVar="CC" />
		</Unit>
		<Unit filename="src/structure.c">
			<Option compilerVar="CC" />
		</Unit>
		<Unit filename="src/tech_funcs.c">
			<Option compilerVar="CC" />
		</Unit>
		<Extensions>
			<code_completion />
			<envvars />
			<debugger />
		</Extensions>
	</Project>
</CodeBlocks_project_file>
